// !$*UTF8*$!
{
	archiveVersion = 1;
	classes = {
	};
	objectVersion = 50;
	objects = {

/* Begin PBXBuildFile section */
		5C393E412445FD8E00EC5225 /* AppDelegate.swift in Sources */ = {isa = PBXBuildFile; fileRef = 5C393E402445FD8E00EC5225 /* AppDelegate.swift */; };
		5C393E452445FD8E00EC5225 /* ViewController.swift in Sources */ = {isa = PBXBuildFile; fileRef = 5C393E442445FD8E00EC5225 /* ViewController.swift */; };
		5C393E482445FD8E00EC5225 /* Main.storyboard in Resources */ = {isa = PBXBuildFile; fileRef = 5C393E462445FD8E00EC5225 /* Main.storyboard */; };
		5CA9B21C244F550D00DB9F60 /* LabelTable.swift in Sources */ = {isa = PBXBuildFile; fileRef = 5CA9B21A244F550D00DB9F60 /* LabelTable.swift */; };
		5CA9B21D244F550D00DB9F60 /* LabelTable.xib in Resources */ = {isa = PBXBuildFile; fileRef = 5CA9B21B244F550D00DB9F60 /* LabelTable.xib */; };
		5CBD2B72245973E5004D0140 /* Title.swift in Sources */ = {isa = PBXBuildFile; fileRef = 5CBD2B70245973E5004D0140 /* Title.swift */; };
		5CBD2B73245973E5004D0140 /* Title.xib in Resources */ = {isa = PBXBuildFile; fileRef = 5CBD2B71245973E5004D0140 /* Title.xib */; };
		5CBD2B7C2459879B004D0140 /* CarouselCell.swift in Sources */ = {isa = PBXBuildFile; fileRef = 5CBD2B7A2459879B004D0140 /* CarouselCell.swift */; };
		5CBD2B7D2459879B004D0140 /* CarouselCell.xib in Resources */ = {isa = PBXBuildFile; fileRef = 5CBD2B7B2459879B004D0140 /* CarouselCell.xib */; };
		5CBD2B802459EEA5004D0140 /* FavoriteRadio.swift in Sources */ = {isa = PBXBuildFile; fileRef = 5CBD2B7E2459EEA5004D0140 /* FavoriteRadio.swift */; };
		5CBD2B812459EEA5004D0140 /* FavoriteRadio.xib in Resources */ = {isa = PBXBuildFile; fileRef = 5CBD2B7F2459EEA5004D0140 /* FavoriteRadio.xib */; };
/* End PBXBuildFile section */

/* Begin PBXContainerItemProxy section */
		5C393E542445FD9000EC5225 /* PBXContainerItemProxy */ = {
			isa = PBXContainerItemProxy;
			containerPortal = 5C393E352445FD8E00EC5225 /* Project object */;
			proxyType = 1;
			remoteGlobalIDString = 5C393E3C2445FD8E00EC5225;
			remoteInfo = "Online Radio";
		};
		5C393E5F2445FD9000EC5225 /* PBXContainerItemProxy */ = {
			isa = PBXContainerItemProxy;
			containerPortal = 5C393E352445FD8E00EC5225 /* Project object */;
			proxyType = 1;
			remoteGlobalIDString = 5C393E3C2445FD8E00EC5225;
			remoteInfo = "Online Radio";
		};
/* End PBXContainerItemProxy section */

/* Begin PBXFileReference section */
		5C393E3D2445FD8E00EC5225 /* Online Radio.app */ = {isa = PBXFileReference; explicitFileType = wrapper.application; includeInIndex = 0; path = "Online Radio.app"; sourceTree = BUILT_PRODUCTS_DIR; };
		5C393E402445FD8E00EC5225 /* AppDelegate.swift */ = {isa = PBXFileReference; lastKnownFileType = sourcecode.swift; path = AppDelegate.swift; sourceTree = "<group>"; };
		5C393E442445FD8E00EC5225 /* ViewController.swift */ = {isa = PBXFileReference; lastKnownFileType = sourcecode.swift; path = ViewController.swift; sourceTree = "<group>"; };
		5C393E472445FD8E00EC5225 /* Base */ = {isa = PBXFileReference; lastKnownFileType = file.storyboard; name = Base; path = Base.lproj/Main.storyboard; sourceTree = "<group>"; };
		5C393E4E2445FD9000EC5225 /* Info.plist */ = {isa = PBXFileReference; lastKnownFileType = text.plist.xml; path = Info.plist; sourceTree = "<group>"; };
		5C393E532445FD9000EC5225 /* Online RadioTests.xctest */ = {isa = PBXFileReference; explicitFileType = wrapper.cfbundle; includeInIndex = 0; path = "Online RadioTests.xctest"; sourceTree = BUILT_PRODUCTS_DIR; };
		5C393E5E2445FD9000EC5225 /* Online RadioUITests.xctest */ = {isa = PBXFileReference; explicitFileType = wrapper.cfbundle; includeInIndex = 0; path = "Online RadioUITests.xctest"; sourceTree = BUILT_PRODUCTS_DIR; };
		5CA9B21A244F550D00DB9F60 /* LabelTable.swift */ = {isa = PBXFileReference; lastKnownFileType = sourcecode.swift; path = LabelTable.swift; sourceTree = "<group>"; };
		5CA9B21B244F550D00DB9F60 /* LabelTable.xib */ = {isa = PBXFileReference; lastKnownFileType = file.xib; path = LabelTable.xib; sourceTree = "<group>"; };
		5CBD2B70245973E5004D0140 /* Title.swift */ = {isa = PBXFileReference; lastKnownFileType = sourcecode.swift; path = Title.swift; sourceTree = "<group>"; };
		5CBD2B71245973E5004D0140 /* Title.xib */ = {isa = PBXFileReference; lastKnownFileType = file.xib; path = Title.xib; sourceTree = "<group>"; };
		5CBD2B7A2459879B004D0140 /* CarouselCell.swift */ = {isa = PBXFileReference; lastKnownFileType = sourcecode.swift; path = CarouselCell.swift; sourceTree = "<group>"; };
		5CBD2B7B2459879B004D0140 /* CarouselCell.xib */ = {isa = PBXFileReference; lastKnownFileType = file.xib; path = CarouselCell.xib; sourceTree = "<group>"; };
		5CBD2B7E2459EEA5004D0140 /* FavoriteRadio.swift */ = {isa = PBXFileReference; lastKnownFileType = sourcecode.swift; path = FavoriteRadio.swift; sourceTree = "<group>"; };
		5CBD2B7F2459EEA5004D0140 /* FavoriteRadio.xib */ = {isa = PBXFileReference; lastKnownFileType = file.xib; path = FavoriteRadio.xib; sourceTree = "<group>"; };
/* End PBXFileReference section */

/* Begin PBXFrameworksBuildPhase section */
		5C393E3A2445FD8E00EC5225 /* Frameworks */ = {
			isa = PBXFrameworksBuildPhase;
			buildActionMask = 2147483647;
			files = (
			);
			runOnlyForDeploymentPostprocessing = 0;
		};
		5C393E502445FD9000EC5225 /* Frameworks */ = {
			isa = PBXFrameworksBuildPhase;
			buildActionMask = 2147483647;
			files = (
			);
			runOnlyForDeploymentPostprocessing = 0;
		};
		5C393E5B2445FD9000EC5225 /* Frameworks */ = {
			isa = PBXFrameworksBuildPhase;
			buildActionMask = 2147483647;
			files = (
			);
			runOnlyForDeploymentPostprocessing = 0;
		};
/* End PBXFrameworksBuildPhase section */

/* Begin PBXGroup section */
		5C393E342445FD8E00EC5225 = {
			isa = PBXGroup;
			children = (
				5C393E3F2445FD8E00EC5225 /* Online Radio */,
				5C393E3E2445FD8E00EC5225 /* Products */,
				5CA9B211244F472200DB9F60 /* Online RadioUITests */,
				5CA9B210244F471B00DB9F60 /* Online RadioTests */,
			);
			sourceTree = "<group>";
		};
		5C393E3E2445FD8E00EC5225 /* Products */ = {
			isa = PBXGroup;
			children = (
				5C393E3D2445FD8E00EC5225 /* Online Radio.app */,
				5C393E532445FD9000EC5225 /* Online RadioTests.xctest */,
				5C393E5E2445FD9000EC5225 /* Online RadioUITests.xctest */,
			);
			name = Products;
			sourceTree = "<group>";
		};
		5C393E3F2445FD8E00EC5225 /* Online Radio */ = {
			isa = PBXGroup;
			children = (
				5CA9B20D244F288600DB9F60 /* Supporting files */,
				5C393E402445FD8E00EC5225 /* AppDelegate.swift */,
				5C393E442445FD8E00EC5225 /* ViewController.swift */,
				5CBD2B70245973E5004D0140 /* Title.swift */,
				5CBD2B71245973E5004D0140 /* Title.xib */,
				5CBD2B7E2459EEA5004D0140 /* FavoriteRadio.swift */,
				5CBD2B7F2459EEA5004D0140 /* FavoriteRadio.xib */,
				5CBD2B7A2459879B004D0140 /* CarouselCell.swift */,
				5CBD2B7B2459879B004D0140 /* CarouselCell.xib */,
				5CA9B21A244F550D00DB9F60 /* LabelTable.swift */,
				5CA9B21B244F550D00DB9F60 /* LabelTable.xib */,
				5C393E462445FD8E00EC5225 /* Main.storyboard */,
				5C393E4E2445FD9000EC5225 /* Info.plist */,
			);
			path = "Online Radio";
			sourceTree = "<group>";
		};
		5CA9B20D244F288600DB9F60 /* Supporting files */ = {
			isa = PBXGroup;
			children = (
			);
			path = "Supporting files";
			sourceTree = "<group>";
		};
		5CA9B210244F471B00DB9F60 /* Online RadioTests */ = {
			isa = PBXGroup;
			children = (
			);
			path = "Online RadioTests";
			sourceTree = "<group>";
		};
		5CA9B211244F472200DB9F60 /* Online RadioUITests */ = {
			isa = PBXGroup;
			children = (
			);
			path = "Online RadioUITests";
			sourceTree = SOURCE_ROOT;
		};
/* End PBXGroup section */

/* Begin PBXNativeTarget section */
		5C393E3C2445FD8E00EC5225 /* Online Radio */ = {
			isa = PBXNativeTarget;
			buildConfigurationList = 5C393E672445FD9000EC5225 /* Build configuration list for PBXNativeTarget "Online Radio" */;
			buildPhases = (
				5C393E392445FD8E00EC5225 /* Sources */,
				5C393E3A2445FD8E00EC5225 /* Frameworks */,
				5C393E3B2445FD8E00EC5225 /* Resources */,
			);
			buildRules = (
			);
			dependencies = (
			);
			name = "Online Radio";
			productName = "Online Radio";
			productReference = 5C393E3D2445FD8E00EC5225 /* Online Radio.app */;
			productType = "com.apple.product-type.application";
		};
		5C393E522445FD9000EC5225 /* Online RadioTests */ = {
			isa = PBXNativeTarget;
			buildConfigurationList = 5C393E6A2445FD9000EC5225 /* Build configuration list for PBXNativeTarget "Online RadioTests" */;
			buildPhases = (
				5C393E4F2445FD9000EC5225 /* Sources */,
				5C393E502445FD9000EC5225 /* Frameworks */,
				5C393E512445FD9000EC5225 /* Resources */,
			);
			buildRules = (
			);
			dependencies = (
				5C393E552445FD9000EC5225 /* PBXTargetDependency */,
			);
			name = "Online RadioTests";
			productName = "Online RadioTests";
			productReference = 5C393E532445FD9000EC5225 /* Online RadioTests.xctest */;
			productType = "com.apple.product-type.bundle.unit-test";
		};
		5C393E5D2445FD9000EC5225 /* Online RadioUITests */ = {
			isa = PBXNativeTarget;
			buildConfigurationList = 5C393E6D2445FD9000EC5225 /* Build configuration list for PBXNativeTarget "Online RadioUITests" */;
			buildPhases = (
				5C393E5A2445FD9000EC5225 /* Sources */,
				5C393E5B2445FD9000EC5225 /* Frameworks */,
				5C393E5C2445FD9000EC5225 /* Resources */,
			);
			buildRules = (
			);
			dependencies = (
				5C393E602445FD9000EC5225 /* PBXTargetDependency */,
			);
			name = "Online RadioUITests";
			productName = "Online RadioUITests";
			productReference = 5C393E5E2445FD9000EC5225 /* Online RadioUITests.xctest */;
			productType = "com.apple.product-type.bundle.ui-testing";
		};
/* End PBXNativeTarget section */

/* Begin PBXProject section */
		5C393E352445FD8E00EC5225 /* Project object */ = {
			isa = PBXProject;
			attributes = {
				LastSwiftUpdateCheck = 1130;
				LastUpgradeCheck = 1130;
				ORGANIZATIONNAME = Zatonskayay;
				TargetAttributes = {
					5C393E3C2445FD8E00EC5225 = {
						CreatedOnToolsVersion = 11.3.1;
					};
					5C393E522445FD9000EC5225 = {
						CreatedOnToolsVersion = 11.3.1;
						TestTargetID = 5C393E3C2445FD8E00EC5225;
					};
					5C393E5D2445FD9000EC5225 = {
						CreatedOnToolsVersion = 11.3.1;
						TestTargetID = 5C393E3C2445FD8E00EC5225;
					};
				};
			};
			buildConfigurationList = 5C393E382445FD8E00EC5225 /* Build configuration list for PBXProject "Online Radio" */;
			compatibilityVersion = "Xcode 9.3";
			developmentRegion = en;
			hasScannedForEncodings = 0;
			knownRegions = (
				en,
				Base,
			);
			mainGroup = 5C393E342445FD8E00EC5225;
			productRefGroup = 5C393E3E2445FD8E00EC5225 /* Products */;
			projectDirPath = "";
			projectRoot = "";
			targets = (
				5C393E3C2445FD8E00EC5225 /* Online Radio */,
				5C393E522445FD9000EC5225 /* Online RadioTests */,
				5C393E5D2445FD9000EC5225 /* Online RadioUITests */,
			);
		};
/* End PBXProject section */

/* Begin PBXResourcesBuildPhase section */
		5C393E3B2445FD8E00EC5225 /* Resources */ = {
			isa = PBXResourcesBuildPhase;
			buildActionMask = 2147483647;
			files = (
				5CBD2B73245973E5004D0140 /* Title.xib in Resources */,
				5C393E482445FD8E00EC5225 /* Main.storyboard in Resources */,
				5CA9B21D244F550D00DB9F60 /* LabelTable.xib in Resources */,
				5CBD2B7D2459879B004D0140 /* CarouselCell.xib in Resources */,
				5CBD2B812459EEA5004D0140 /* FavoriteRadio.xib in Resources */,
			);
			runOnlyForDeploymentPostprocessing = 0;
		};
		5C393E512445FD9000EC5225 /* Resources */ = {
			isa = PBXResourcesBuildPhase;
			buildActionMask = 2147483647;
			files = (
			);
			runOnlyForDeploymentPostprocessing = 0;
		};
		5C393E5C2445FD9000EC5225 /* Resources */ = {
			isa = PBXResourcesBuildPhase;
			buildActionMask = 2147483647;
			files = (
			);
			runOnlyForDeploymentPostprocessing = 0;
		};
/* End PBXResourcesBuildPhase section */

/* Begin PBXSourcesBuildPhase section */
		5C393E392445FD8E00EC5225 /* Sources */ = {
			isa = PBXSourcesBuildPhase;
			buildActionMask = 2147483647;
			files = (
				5CBD2B72245973E5004D0140 /* Title.swift in Sources */,
				5C393E452445FD8E00EC5225 /* ViewController.swift in Sources */,
				5C393E412445FD8E00EC5225 /* AppDelegate.swift in Sources */,
				5CBD2B802459EEA5004D0140 /* FavoriteRadio.swift in Sources */,
				5CA9B21C244F550D00DB9F60 /* LabelTable.swift in Sources */,
				5CBD2B7C2459879B004D0140 /* CarouselCell.swift in Sources */,
			);
			runOnlyForDeploymentPostprocessing = 0;
		};
		5C393E4F2445FD9000EC5225 /* Sources */ = {
			isa = PBXSourcesBuildPhase;
			buildActionMask = 2147483647;
			files = (
			);
			runOnlyForDeploymentPostprocessing = 0;
		};
		5C393E5A2445FD9000EC5225 /* Sources */ = {
			isa = PBXSourcesBuildPhase;
			buildActionMask = 2147483647;
			files = (
			);
			runOnlyForDeploymentPostprocessing = 0;
		};
/* End PBXSourcesBuildPhase section */

/* Begin PBXTargetDependency section */
		5C393E552445FD9000EC5225 /* PBXTargetDependency */ = {
			isa = PBXTargetDependency;
			target = 5C393E3C2445FD8E00EC5225 /* Online Radio */;
			targetProxy = 5C393E542445FD9000EC5225 /* PBXContainerItemProxy */;
		};
		5C393E602445FD9000EC5225 /* PBXTargetDependency */ = {
			isa = PBXTargetDependency;
			target = 5C393E3C2445FD8E00EC5225 /* Online Radio */;
			targetProxy = 5C393E5F2445FD9000EC5225 /* PBXContainerItemProxy */;
		};
/* End PBXTargetDependency section */

/* Begin PBXVariantGroup section */
		5C393E462445FD8E00EC5225 /* Main.storyboard */ = {
			isa = PBXVariantGroup;
			children = (
				5C393E472445FD8E00EC5225 /* Base */,
			);
			name = Main.storyboard;
			sourceTree = "<group>";
		};
/* End PBXVariantGroup section */

/* Begin XCBuildConfiguration section */
		5C393E652445FD9000EC5225 /* Debug */ = {
			isa = XCBuildConfiguration;
			buildSettings = {
				ALWAYS_SEARCH_USER_PATHS = NO;
				CLANG_ANALYZER_NONNULL = YES;
				CLANG_ANALYZER_NUMBER_OBJECT_CONVERSION = YES_AGGRESSIVE;
				CLANG_CXX_LANGUAGE_STANDARD = "gnu++14";
				CLANG_CXX_LIBRARY = "libc++";
				CLANG_ENABLE_MODULES = YES;
				CLANG_ENABLE_OBJC_ARC = YES;
				CLANG_ENABLE_OBJC_WEAK = YES;
				CLANG_WARN_BLOCK_CAPTURE_AUTORELEASING = YES;
				CLANG_WARN_BOOL_CONVERSION = YES;
				CLANG_WARN_COMMA = YES;
				CLANG_WARN_CONSTANT_CONVERSION = YES;
				CLANG_WARN_DEPRECATED_OBJC_IMPLEMENTATIONS = YES;
				CLANG_WARN_DIRECT_OBJC_ISA_USAGE = YES_ERROR;
				CLANG_WARN_DOCUMENTATION_COMMENTS = YES;
				CLANG_WARN_EMPTY_BODY = YES;
				CLANG_WARN_ENUM_CONVERSION = YES;
				CLANG_WARN_INFINITE_RECURSION = YES;
				CLANG_WARN_INT_CONVERSION = YES;
				CLANG_WARN_NON_LITERAL_NULL_CONVERSION = YES;
				CLANG_WARN_OBJC_IMPLICIT_RETAIN_SELF = YES;
				CLANG_WARN_OBJC_LITERAL_CONVERSION = YES;
				CLANG_WARN_OBJC_ROOT_CLASS = YES_ERROR;
				CLANG_WARN_RANGE_LOOP_ANALYSIS = YES;
				CLANG_WARN_STRICT_PROTOTYPES = YES;
				CLANG_WARN_SUSPICIOUS_MOVE = YES;
				CLANG_WARN_UNGUARDED_AVAILABILITY = YES_AGGRESSIVE;
				CLANG_WARN_UNREACHABLE_CODE = YES;
				CLANG_WARN__DUPLICATE_METHOD_MATCH = YES;
				COPY_PHASE_STRIP = NO;
				DEBUG_INFORMATION_FORMAT = dwarf;
				ENABLE_STRICT_OBJC_MSGSEND = YES;
				ENABLE_TESTABILITY = YES;
				GCC_C_LANGUAGE_STANDARD = gnu11;
				GCC_DYNAMIC_NO_PIC = NO;
				GCC_NO_COMMON_BLOCKS = YES;
				GCC_OPTIMIZATION_LEVEL = 0;
				GCC_PREPROCESSOR_DEFINITIONS = (
					"DEBUG=1",
					"$(inherited)",
				);
				GCC_WARN_64_TO_32_BIT_CONVERSION = YES;
				GCC_WARN_ABOUT_RETURN_TYPE = YES_ERROR;
				GCC_WARN_UNDECLARED_SELECTOR = YES;
				GCC_WARN_UNINITIALIZED_AUTOS = YES_AGGRESSIVE;
				GCC_WARN_UNUSED_FUNCTION = YES;
				GCC_WARN_UNUSED_VARIABLE = YES;
				IPHONEOS_DEPLOYMENT_TARGET = 13.2;
				MTL_ENABLE_DEBUG_INFO = INCLUDE_SOURCE;
				MTL_FAST_MATH = YES;
				ONLY_ACTIVE_ARCH = YES;
				SDKROOT = iphoneos;
				SWIFT_ACTIVE_COMPILATION_CONDITIONS = DEBUG;
				SWIFT_OPTIMIZATION_LEVEL = "-Onone";
			};
			name = Debug;
		};
		5C393E662445FD9000EC5225 /* Release */ = {
			isa = XCBuildConfiguration;
			buildSettings = {
				ALWAYS_SEARCH_USER_PATHS = NO;
				CLANG_ANALYZER_NONNULL = YES;
				CLANG_ANALYZER_NUMBER_OBJECT_CONVERSION = YES_AGGRESSIVE;
				CLANG_CXX_LANGUAGE_STANDARD = "gnu++14";
				CLANG_CXX_LIBRARY = "libc++";
				CLANG_ENABLE_MODULES = YES;
				CLANG_ENABLE_OBJC_ARC = YES;
				CLANG_ENABLE_OBJC_WEAK = YES;
				CLANG_WARN_BLOCK_CAPTURE_AUTORELEASING = YES;
				CLANG_WARN_BOOL_CONVERSION = YES;
				CLANG_WARN_COMMA = YES;
				CLANG_WARN_CONSTANT_CONVERSION = YES;
				CLANG_WARN_DEPRECATED_OBJC_IMPLEMENTATIONS = YES;
				CLANG_WARN_DIRECT_OBJC_ISA_USAGE = YES_ERROR;
				CLANG_WARN_DOCUMENTATION_COMMENTS = YES;
				CLANG_WARN_EMPTY_BODY = YES;
				CLANG_WARN_ENUM_CONVERSION = YES;
				CLANG_WARN_INFINITE_RECURSION = YES;
				CLANG_WARN_INT_CONVERSION = YES;
				CLANG_WARN_NON_LITERAL_NULL_CONVERSION = YES;
				CLANG_WARN_OBJC_IMPLICIT_RETAIN_SELF = YES;
				CLANG_WARN_OBJC_LITERAL_CONVERSION = YES;
				CLANG_WARN_OBJC_ROOT_CLASS = YES_ERROR;
				CLANG_WARN_RANGE_LOOP_ANALYSIS = YES;
				CLANG_WARN_STRICT_PROTOTYPES = YES;
				CLANG_WARN_SUSPICIOUS_MOVE = YES;
				CLANG_WARN_UNGUARDED_AVAILABILITY = YES_AGGRESSIVE;
				CLANG_WARN_UNREACHABLE_CODE = YES;
				CLANG_WARN__DUPLICATE_METHOD_MATCH = YES;
				COPY_PHASE_STRIP = NO;
				DEBUG_INFORMATION_FORMAT = "dwarf-with-dsym";
				ENABLE_NS_ASSERTIONS = NO;
				ENABLE_STRICT_OBJC_MSGSEND = YES;
				GCC_C_LANGUAGE_STANDARD = gnu11;
				GCC_NO_COMMON_BLOCKS = YES;
				GCC_WARN_64_TO_32_BIT_CONVERSION = YES;
				GCC_WARN_ABOUT_RETURN_TYPE = YES_ERROR;
				GCC_WARN_UNDECLARED_SELECTOR = YES;
				GCC_WARN_UNINITIALIZED_AUTOS = YES_AGGRESSIVE;
				GCC_WARN_UNUSED_FUNCTION = YES;
				GCC_WARN_UNUSED_VARIABLE = YES;
				IPHONEOS_DEPLOYMENT_TARGET = 13.2;
				MTL_ENABLE_DEBUG_INFO = NO;
				MTL_FAST_MATH = YES;
				SDKROOT = iphoneos;
				SWIFT_COMPILATION_MODE = wholemodule;
				SWIFT_OPTIMIZATION_LEVEL = "-O";
				VALIDATE_PRODUCT = YES;
			};
			name = Release;
		};
		5C393E682445FD9000EC5225 /* Debug */ = {
			isa = XCBuildConfiguration;
			buildSettings = {
				ASSETCATALOG_COMPILER_APPICON_NAME = AppIcon;
				CODE_SIGN_STYLE = Automatic;
				DEVELOPMENT_TEAM = 999P52JZ58;
				INFOPLIST_FILE = "Online Radio/Info.plist";
				LD_RUNPATH_SEARCH_PATHS = (
					"$(inherited)",
					"@executable_path/Frameworks",
				);
				PRODUCT_BUNDLE_IDENTIFIER = "Zatonskayay.Online-Radio";
				PRODUCT_NAME = "$(TARGET_NAME)";
				SWIFT_VERSION = 5.0;
				TARGETED_DEVICE_FAMILY = "1,2";
			};
			name = Debug;
		};
		5C393E692445FD9000EC5225 /* Release */ = {
			isa = XCBuildConfiguration;
			buildSettings = {
				ASSETCATALOG_COMPILER_APPICON_NAME = AppIcon;
				CODE_SIGN_STYLE = Automatic;
				DEVELOPMENT_TEAM = 999P52JZ58;
				INFOPLIST_FILE = "Online Radio/Info.plist";
				LD_RUNPATH_SEARCH_PATHS = (
					"$(inherited)",
					"@executable_path/Frameworks",
				);
				PRODUCT_BUNDLE_IDENTIFIER = "Zatonskayay.Online-Radio";
				PRODUCT_NAME = "$(TARGET_NAME)";
				SWIFT_VERSION = 5.0;
				TARGETED_DEVICE_FAMILY = "1,2";
			};
			name = Release;
		};
		5C393E6B2445FD9000EC5225 /* Debug */ = {
			isa = XCBuildConfiguration;
			buildSettings = {
				ALWAYS_EMBED_SWIFT_STANDARD_LIBRARIES = YES;
				BUNDLE_LOADER = "$(TEST_HOST)";
				CODE_SIGN_STYLE = Automatic;
				DEVELOPMENT_TEAM = 999P52JZ58;
				INFOPLIST_FILE = "Online RadioTests/Info.plist";
				IPHONEOS_DEPLOYMENT_TARGET = 13.2;
				LD_RUNPATH_SEARCH_PATHS = (
					"$(inherited)",
					"@executable_path/Frameworks",
					"@loader_path/Frameworks",
				);
				PRODUCT_BUNDLE_IDENTIFIER = "Zatonskayay.Online-RadioTests";
				PRODUCT_NAME = "$(TARGET_NAME)";
				SWIFT_VERSION = 5.0;
				TARGETED_DEVICE_FAMILY = "1,2";
				TEST_HOST = "$(BUILT_PRODUCTS_DIR)/Online Radio.app/Online Radio";
			};
			name = Debug;
		};
		5C393E6C2445FD9000EC5225 /* Release */ = {
			isa = XCBuildConfiguration;
			buildSettings = {
				ALWAYS_EMBED_SWIFT_STANDARD_LIBRARIES = YES;
				BUNDLE_LOADER = "$(TEST_HOST)";
				CODE_SIGN_STYLE = Automatic;
				DEVELOPMENT_TEAM = 999P52JZ58;
				INFOPLIST_FILE = "Online RadioTests/Info.plist";
				IPHONEOS_DEPLOYMENT_TARGET = 13.2;
				LD_RUNPATH_SEARCH_PATHS = (
					"$(inherited)",
					"@executable_path/Frameworks",
					"@loader_path/Frameworks",
				);
				PRODUCT_BUNDLE_IDENTIFIER = "Zatonskayay.Online-RadioTests";
				PRODUCT_NAME = "$(TARGET_NAME)";
				SWIFT_VERSION = 5.0;
				TARGETED_DEVICE_FAMILY = "1,2";
				TEST_HOST = "$(BUILT_PRODUCTS_DIR)/Online Radio.app/Online Radio";
			};
			name = Release;
		};
		5C393E6E2445FD9000EC5225 /* Debug */ = {
			isa = XCBuildConfiguration;
			buildSettings = {
				ALWAYS_EMBED_SWIFT_STANDARD_LIBRARIES = YES;
				CODE_SIGN_STYLE = Automatic;
				DEVELOPMENT_TEAM = 999P52JZ58;
				INFOPLIST_FILE = "Online RadioUITests/Info.plist";
				LD_RUNPATH_SEARCH_PATHS = (
					"$(inherited)",
					"@executable_path/Frameworks",
					"@loader_path/Frameworks",
				);
				PRODUCT_BUNDLE_IDENTIFIER = "Zatonskayay.Online-RadioUITests";
				PRODUCT_NAME = "$(TARGET_NAME)";
				SWIFT_VERSION = 5.0;
				TARGETED_DEVICE_FAMILY = "1,2";
				TEST_TARGET_NAME = "Online Radio";
			};
			name = Debug;
		};
		5C393E6F2445FD9000EC5225 /* Release */ = {
			isa = XCBuildConfiguration;
			buildSettings = {
				ALWAYS_EMBED_SWIFT_STANDARD_LIBRARIES = YES;
				CODE_SIGN_STYLE = Automatic;
				DEVELOPMENT_TEAM = 999P52JZ58;
				INFOPLIST_FILE = "Online RadioUITests/Info.plist";
				LD_RUNPATH_SEARCH_PATHS = (
					"$(inherited)",
					"@executable_path/Frameworks",
					"@loader_path/Frameworks",
				);
				PRODUCT_BUNDLE_IDENTIFIER = "Zatonskayay.Online-RadioUITests";
				PRODUCT_NAME = "$(TARGET_NAME)";
				SWIFT_VERSION = 5.0;
				TARGETED_DEVICE_FAMILY = "1,2";
				TEST_TARGET_NAME = "Online Radio";
			};
			name = Release;
		};
/* End XCBuildConfiguration section */

/* Begin XCConfigurationList section */
		5C393E382445FD8E00EC5225 /* Build configuration list for PBXProject "Online Radio" */ = {
			isa = XCConfigurationList;
			buildConfigurations = (
				5C393E652445FD9000EC5225 /* Debug */,
				5C393E662445FD9000EC5225 /* Release */,
			);
			defaultConfigurationIsVisible = 0;
			defaultConfigurationName = Release;
		};
		5C393E672445FD9000EC5225 /* Build configuration list for PBXNativeTarget "Online Radio" */ = {
			isa = XCConfigurationList;
			buildConfigurations = (
				5C393E682445FD9000EC5225 /* Debug */,
				5C393E692445FD9000EC5225 /* Release */,
			);
			defaultConfigurationIsVisible = 0;
			defaultConfigurationName = Release;
		};
		5C393E6A2445FD9000EC5225 /* Build configuration list for PBXNativeTarget "Online RadioTests" */ = {
			isa = XCConfigurationList;
			buildConfigurations = (
				5C393E6B2445FD9000EC5225 /* Debug */,
				5C393E6C2445FD9000EC5225 /* Release */,
			);
			defaultConfigurationIsVisible = 0;
			defaultConfigurationName = Release;
		};
		5C393E6D2445FD9000EC5225 /* Build configuration list for PBXNativeTarget "Online RadioUITests" */ = {
			isa = XCConfigurationList;
			buildConfigurations = (
				5C393E6E2445FD9000EC5225 /* Debug */,
				5C393E6F2445FD9000EC5225 /* Release */,
			);
			defaultConfigurationIsVisible = 0;
			defaultConfigurationName = Release;
		};
/* End XCConfigurationList section */
	};
	rootObject = 5C393E352445FD8E00EC5225 /* Project object */;
}
